<Solution>
  <Project Path="VHierarchy.csproj" />
  <Project Path="HighlightPlus.Demo.csproj" />
  <Project Path="EgoAnchor.csproj" />
  <Project Path="HighlightPlus.Runtime.csproj" />
  <Project Path="VTabs.csproj" />
  <Project Path="VFolders.csproj" />
  <Project Path="EgoAnchor.Tests.csproj" />
  <Project Path="Proxima.csproj" />
  <Project Path="Assembly-CSharp-Editor.csproj" />
  <Project Path="VInspector.csproj" />
  <Project Path="Assembly-CSharp.csproj" />
  <Project Path="Proxima.Editor.csproj" />
  <Project Path="VFavorites.csproj" />
  <Project Path="HighlightPlus.Editor.csproj" />
</Solution>
